
Microsoft Visual Studio Solution File, Format Version 12.00
# Visual Studio Version 17
VisualStudioVersion = 17.3.32901.215
MinimumVisualStudioVersion = 10.0.40219.1
Project("{FAE04EC0-301F-11D3-BF4B-00C04F79EFBC}") = "Luxor", "Luxor\Luxor.csproj", "{A3CFD3D9-69F3-4BBB-A8DC-4F15FAFE6AEC}"
EndProject
Global
	GlobalSection(SolutionConfigurationPlatforms) = preSolution
		Debug|Any CPU = Debug|Any CPU
		Release|Any CPU = Release|Any CPU
	EndGlobalSection
	GlobalSection(ProjectConfigurationPlatforms) = postSolution
		{A3CFD3D9-69F3-4BBB-A8DC-4F15FAFE6AEC}.Debug|Any CPU.ActiveCfg = Debug|Any CPU
		{A3CFD3D9-69F3-4BBB-A8DC-4F15FAFE6AEC}.Debug|Any CPU.Build.0 = Debug|Any CPU
		{A3CFD3D9-69F3-4BBB-A8DC-4F15FAFE6AEC}.Release|Any CPU.ActiveCfg = Release|Any CPU
		{A3CFD3D9-69F3-4BBB-A8DC-4F15FAFE6AEC}.Release|Any CPU.Build.0 = Release|Any CPU
	EndGlobalSection
	GlobalSection(SolutionProperties) = preSolution
		HideSolutionNode = FALSE
	EndGlobalSection
	GlobalSection(ExtensibilityGlobals) = postSolution
		SolutionGuid = {2E7C90BA-2160-4E8E-A1C3-DF976E1E339C}
	EndGlobalSection
EndGlobal
